
Microsoft Visual Studio Solution File, Format Version 12.00
# Visual Studio Version 17
VisualStudioVersion = 17.4.33213.308
MinimumVisualStudioVersion = 10.0.40219.1
Project("{FAE04EC0-301F-11D3-BF4B-00C04F79EFBC}") = "TrilhaAPIDesafio", "TrilhaAPIDesafio\TrilhaAPIDesafio.csproj", "{554CB8AB-E43B-4E08-BC47-D03CAA45EEE3}"
EndProject
Global
	GlobalSection(SolutionConfigurationPlatforms) = preSolution
		Debug|Any CPU = Debug|Any CPU
		Release|Any CPU = Release|Any CPU
	EndGlobalSection
	GlobalSection(ProjectConfigurationPlatforms) = postSolution
		{554CB8AB-E43B-4E08-BC47-D03CAA45EEE3}.Debug|Any CPU.ActiveCfg = Debug|Any CPU
		{554CB8AB-E43B-4E08-BC47-D03CAA45EEE3}.Debug|Any CPU.Build.0 = Debug|Any CPU
		{554CB8AB-E43B-4E08-BC47-D03CAA45EEE3}.Release|Any CPU.ActiveCfg = Release|Any CPU
		{554CB8AB-E43B-4E08-BC47-D03CAA45EEE3}.Release|Any CPU.Build.0 = Release|Any CPU
	EndGlobalSection
	GlobalSection(SolutionProperties) = preSolution
		HideSolutionNode = FALSE
	EndGlobalSection
	GlobalSection(ExtensibilityGlobals) = postSolution
		SolutionGuid = {3B7BDD41-FD0A-43E0-B6FF-E22FF226723D}
	EndGlobalSection
EndGlobal
